
Microsoft Visual Studio Solution File, Format Version 12.00
# Visual Studio Version 17
VisualStudioVersion = 17.0.32014.148
MinimumVisualStudioVersion = 10.0.40219.1
Project("{9A19103F-16F7-4668-BE54-9A1E7A4F7556}") = "zolive_api", "zolive_api\zolive_api.csproj", "{EC6453D1-6F8D-4BD3-A900-35B7AEEFF23E}"
EndProject
Project("{9A19103F-16F7-4668-BE54-9A1E7A4F7556}") = "zolive_db", "zolive_db\zolive_db.csproj", "{CF65A203-0A62-4706-AFF4-A926C0426061}"
EndProject
Project("{9A19103F-16F7-4668-BE54-9A1E7A4F7556}") = "zolive_unit_test", "zolive_unit_test\zolive_unit_test.csproj", "{665AC84D-5C4F-473B-99CB-91E8A884ED52}"
EndProject
Global
	GlobalSection(SolutionConfigurationPlatforms) = preSolution
		Debug|Any CPU = Debug|Any CPU
		Release|Any CPU = Release|Any CPU
	EndGlobalSection
	GlobalSection(ProjectConfigurationPlatforms) = postSolution
		{EC6453D1-6F8D-4BD3-A900-35B7AEEFF23E}.Debug|Any CPU.ActiveCfg = Debug|Any CPU
		{EC6453D1-6F8D-4BD3-A900-35B7AEEFF23E}.Debug|Any CPU.Build.0 = Debug|Any CPU
		{EC6453D1-6F8D-4BD3-A900-35B7AEEFF23E}.Release|Any CPU.ActiveCfg = Release|Any CPU
		{EC6453D1-6F8D-4BD3-A900-35B7AEEFF23E}.Release|Any CPU.Build.0 = Release|Any CPU
		{CF65A203-0A62-4706-AFF4-A926C0426061}.Debug|Any CPU.ActiveCfg = Debug|Any CPU
		{CF65A203-0A62-4706-AFF4-A926C0426061}.Debug|Any CPU.Build.0 = Debug|Any CPU
		{CF65A203-0A62-4706-AFF4-A926C0426061}.Release|Any CPU.ActiveCfg = Release|Any CPU
		{CF65A203-0A62-4706-AFF4-A926C0426061}.Release|Any CPU.Build.0 = Release|Any CPU
		{665AC84D-5C4F-473B-99CB-91E8A884ED52}.Debug|Any CPU.ActiveCfg = Debug|Any CPU
		{665AC84D-5C4F-473B-99CB-91E8A884ED52}.Debug|Any CPU.Build.0 = Debug|Any CPU
		{665AC84D-5C4F-473B-99CB-91E8A884ED52}.Release|Any CPU.ActiveCfg = Release|Any CPU
		{665AC84D-5C4F-473B-99CB-91E8A884ED52}.Release|Any CPU.Build.0 = Release|Any CPU
	EndGlobalSection
	GlobalSection(SolutionProperties) = preSolution
		HideSolutionNode = FALSE
	EndGlobalSection
	GlobalSection(ExtensibilityGlobals) = postSolution
		SolutionGuid = {3348A681-245D-4043-A6BC-5CB5581243C2}
	EndGlobalSection
EndGlobal
